
Microsoft Visual Studio Solution File, Format Version 12.00
# Visual Studio 15
VisualStudioVersion = 15.0.26124.0
MinimumVisualStudioVersion = 15.0.26124.0
Project("{FAE04EC0-301F-11D3-BF4B-00C04F79EFBC}") = "SemanticRelease.CommitAnalyzer", "SemanticRelease.CommitAnalyzer\SemanticRelease.CommitAnalyzer.csproj", "{55AE256E-F66A-4309-9A15-6B9405F1246A}"
EndProject
Project("{FAE04EC0-301F-11D3-BF4B-00C04F79EFBC}") = "SemanticRelease.Extensibility", "SemanticRelease.Extensibility\SemanticRelease.Extensibility.csproj", "{CBBC497D-FB07-4882-B7DC-3B7EAC014573}"
EndProject
Project("{FAE04EC0-301F-11D3-BF4B-00C04F79EFBC}") = "SemanticRelease.Core", "SemanticRelease.Core\SemanticRelease.Core.csproj", "{0C2E13AE-2B5C-42A9-94FD-F6CEC07A41B0}"
EndProject
Project("{FAE04EC0-301F-11D3-BF4B-00C04F79EFBC}") = "SemanticRelease.GlobalTool", "SemanticRelease.GlobalTool\SemanticRelease.GlobalTool.csproj", "{A06BE319-8084-43A0-9C97-F7532E2482C7}"
EndProject
Project("{FAE04EC0-301F-11D3-BF4B-00C04F79EFBC}") = "SemanticRelease.Tool", "SemanticRelease.Tool\SemanticRelease.Tool.csproj", "{91D21FC5-8F14-4F30-AA16-6F46D2B449AD}"
EndProject
Global
	GlobalSection(SolutionConfigurationPlatforms) = preSolution
		Debug|Any CPU = Debug|Any CPU
		Debug|x64 = Debug|x64
		Debug|x86 = Debug|x86
		Release|Any CPU = Release|Any CPU
		Release|x64 = Release|x64
		Release|x86 = Release|x86
	EndGlobalSection
	GlobalSection(SolutionProperties) = preSolution
		HideSolutionNode = FALSE
	EndGlobalSection
	GlobalSection(ProjectConfigurationPlatforms) = postSolution
		{11FFB322-FEB1-4C28-B991-A3DD75C8AE0E}.Debug|Any CPU.ActiveCfg = Debug|Any CPU
		{11FFB322-FEB1-4C28-B991-A3DD75C8AE0E}.Debug|Any CPU.Build.0 = Debug|Any CPU
		{11FFB322-FEB1-4C28-B991-A3DD75C8AE0E}.Debug|x64.ActiveCfg = Debug|Any CPU
		{11FFB322-FEB1-4C28-B991-A3DD75C8AE0E}.Debug|x64.Build.0 = Debug|Any CPU
		{11FFB322-FEB1-4C28-B991-A3DD75C8AE0E}.Debug|x86.ActiveCfg = Debug|Any CPU
		{11FFB322-FEB1-4C28-B991-A3DD75C8AE0E}.Debug|x86.Build.0 = Debug|Any CPU
		{11FFB322-FEB1-4C28-B991-A3DD75C8AE0E}.Release|Any CPU.ActiveCfg = Release|Any CPU
		{11FFB322-FEB1-4C28-B991-A3DD75C8AE0E}.Release|Any CPU.Build.0 = Release|Any CPU
		{11FFB322-FEB1-4C28-B991-A3DD75C8AE0E}.Release|x64.ActiveCfg = Release|Any CPU
		{11FFB322-FEB1-4C28-B991-A3DD75C8AE0E}.Release|x64.Build.0 = Release|Any CPU
		{11FFB322-FEB1-4C28-B991-A3DD75C8AE0E}.Release|x86.ActiveCfg = Release|Any CPU
		{11FFB322-FEB1-4C28-B991-A3DD75C8AE0E}.Release|x86.Build.0 = Release|Any CPU
		{55AE256E-F66A-4309-9A15-6B9405F1246A}.Debug|Any CPU.ActiveCfg = Debug|Any CPU
		{55AE256E-F66A-4309-9A15-6B9405F1246A}.Debug|Any CPU.Build.0 = Debug|Any CPU
		{55AE256E-F66A-4309-9A15-6B9405F1246A}.Debug|x64.ActiveCfg = Debug|Any CPU
		{55AE256E-F66A-4309-9A15-6B9405F1246A}.Debug|x64.Build.0 = Debug|Any CPU
		{55AE256E-F66A-4309-9A15-6B9405F1246A}.Debug|x86.ActiveCfg = Debug|Any CPU
		{55AE256E-F66A-4309-9A15-6B9405F1246A}.Debug|x86.Build.0 = Debug|Any CPU
		{55AE256E-F66A-4309-9A15-6B9405F1246A}.Release|Any CPU.ActiveCfg = Release|Any CPU
		{55AE256E-F66A-4309-9A15-6B9405F1246A}.Release|Any CPU.Build.0 = Release|Any CPU
		{55AE256E-F66A-4309-9A15-6B9405F1246A}.Release|x64.ActiveCfg = Release|Any CPU
		{55AE256E-F66A-4309-9A15-6B9405F1246A}.Release|x64.Build.0 = Release|Any CPU
		{55AE256E-F66A-4309-9A15-6B9405F1246A}.Release|x86.ActiveCfg = Release|Any CPU
		{55AE256E-F66A-4309-9A15-6B9405F1246A}.Release|x86.Build.0 = Release|Any CPU
		{CBBC497D-FB07-4882-B7DC-3B7EAC014573}.Debug|Any CPU.ActiveCfg = Debug|Any CPU
		{CBBC497D-FB07-4882-B7DC-3B7EAC014573}.Debug|Any CPU.Build.0 = Debug|Any CPU
		{CBBC497D-FB07-4882-B7DC-3B7EAC014573}.Debug|x64.ActiveCfg = Debug|Any CPU
		{CBBC497D-FB07-4882-B7DC-3B7EAC014573}.Debug|x64.Build.0 = Debug|Any CPU
		{CBBC497D-FB07-4882-B7DC-3B7EAC014573}.Debug|x86.ActiveCfg = Debug|Any CPU
		{CBBC497D-FB07-4882-B7DC-3B7EAC014573}.Debug|x86.Build.0 = Debug|Any CPU
		{CBBC497D-FB07-4882-B7DC-3B7EAC014573}.Release|Any CPU.ActiveCfg = Release|Any CPU
		{CBBC497D-FB07-4882-B7DC-3B7EAC014573}.Release|Any CPU.Build.0 = Release|Any CPU
		{CBBC497D-FB07-4882-B7DC-3B7EAC014573}.Release|x64.ActiveCfg = Release|Any CPU
		{CBBC497D-FB07-4882-B7DC-3B7EAC014573}.Release|x64.Build.0 = Release|Any CPU
		{CBBC497D-FB07-4882-B7DC-3B7EAC014573}.Release|x86.ActiveCfg = Release|Any CPU
		{CBBC497D-FB07-4882-B7DC-3B7EAC014573}.Release|x86.Build.0 = Release|Any CPU
		{0C2E13AE-2B5C-42A9-94FD-F6CEC07A41B0}.Debug|Any CPU.ActiveCfg = Debug|Any CPU
		{0C2E13AE-2B5C-42A9-94FD-F6CEC07A41B0}.Debug|Any CPU.Build.0 = Debug|Any CPU
		{0C2E13AE-2B5C-42A9-94FD-F6CEC07A41B0}.Debug|x64.ActiveCfg = Debug|Any CPU
		{0C2E13AE-2B5C-42A9-94FD-F6CEC07A41B0}.Debug|x64.Build.0 = Debug|Any CPU
		{0C2E13AE-2B5C-42A9-94FD-F6CEC07A41B0}.Debug|x86.ActiveCfg = Debug|Any CPU
		{0C2E13AE-2B5C-42A9-94FD-F6CEC07A41B0}.Debug|x86.Build.0 = Debug|Any CPU
		{0C2E13AE-2B5C-42A9-94FD-F6CEC07A41B0}.Release|Any CPU.ActiveCfg = Release|Any CPU
		{0C2E13AE-2B5C-42A9-94FD-F6CEC07A41B0}.Release|Any CPU.Build.0 = Release|Any CPU
		{0C2E13AE-2B5C-42A9-94FD-F6CEC07A41B0}.Release|x64.ActiveCfg = Release|Any CPU
		{0C2E13AE-2B5C-42A9-94FD-F6CEC07A41B0}.Release|x64.Build.0 = Release|Any CPU
		{0C2E13AE-2B5C-42A9-94FD-F6CEC07A41B0}.Release|x86.ActiveCfg = Release|Any CPU
		{0C2E13AE-2B5C-42A9-94FD-F6CEC07A41B0}.Release|x86.Build.0 = Release|Any CPU
		{A06BE319-8084-43A0-9C97-F7532E2482C7}.Debug|Any CPU.ActiveCfg = Debug|Any CPU
		{A06BE319-8084-43A0-9C97-F7532E2482C7}.Debug|Any CPU.Build.0 = Debug|Any CPU
		{A06BE319-8084-43A0-9C97-F7532E2482C7}.Debug|x64.ActiveCfg = Debug|Any CPU
		{A06BE319-8084-43A0-9C97-F7532E2482C7}.Debug|x64.Build.0 = Debug|Any CPU
		{A06BE319-8084-43A0-9C97-F7532E2482C7}.Debug|x86.ActiveCfg = Debug|Any CPU
		{A06BE319-8084-43A0-9C97-F7532E2482C7}.Debug|x86.Build.0 = Debug|Any CPU
		{A06BE319-8084-43A0-9C97-F7532E2482C7}.Release|Any CPU.ActiveCfg = Release|Any CPU
		{A06BE319-8084-43A0-9C97-F7532E2482C7}.Release|Any CPU.Build.0 = Release|Any CPU
		{A06BE319-8084-43A0-9C97-F7532E2482C7}.Release|x64.ActiveCfg = Release|Any CPU
		{A06BE319-8084-43A0-9C97-F7532E2482C7}.Release|x64.Build.0 = Release|Any CPU
		{A06BE319-8084-43A0-9C97-F7532E2482C7}.Release|x86.ActiveCfg = Release|Any CPU
		{A06BE319-8084-43A0-9C97-F7532E2482C7}.Release|x86.Build.0 = Release|Any CPU
		{91D21FC5-8F14-4F30-AA16-6F46D2B449AD}.Debug|Any CPU.ActiveCfg = Debug|Any CPU
		{91D21FC5-8F14-4F30-AA16-6F46D2B449AD}.Debug|Any CPU.Build.0 = Debug|Any CPU
		{91D21FC5-8F14-4F30-AA16-6F46D2B449AD}.Debug|x64.ActiveCfg = Debug|Any CPU
		{91D21FC5-8F14-4F30-AA16-6F46D2B449AD}.Debug|x64.Build.0 = Debug|Any CPU
		{91D21FC5-8F14-4F30-AA16-6F46D2B449AD}.Debug|x86.ActiveCfg = Debug|Any CPU
		{91D21FC5-8F14-4F30-AA16-6F46D2B449AD}.Debug|x86.Build.0 = Debug|Any CPU
		{91D21FC5-8F14-4F30-AA16-6F46D2B449AD}.Release|Any CPU.ActiveCfg = Release|Any CPU
		{91D21FC5-8F14-4F30-AA16-6F46D2B449AD}.Release|Any CPU.Build.0 = Release|Any CPU
		{91D21FC5-8F14-4F30-AA16-6F46D2B449AD}.Release|x64.ActiveCfg = Release|Any CPU
		{91D21FC5-8F14-4F30-AA16-6F46D2B449AD}.Release|x64.Build.0 = Release|Any CPU
		{91D21FC5-8F14-4F30-AA16-6F46D2B449AD}.Release|x86.ActiveCfg = Release|Any CPU
		{91D21FC5-8F14-4F30-AA16-6F46D2B449AD}.Release|x86.Build.0 = Release|Any CPU
	EndGlobalSection
EndGlobal
